{
    "name": "hello-world",
    "version": "1.0.0",
    "lockfileVersion": 3,
    "requires": true,
    "packages": {
        "": {
            "name": "hello-world",
            "version": "1.0.0",
            "cpu": [
                "x64"
            ],
            "license": "ISC",
            "os": [
                "darwin",
                "linux"
            ],
            "dependencies": {
                "quick-is-prime": "^1.0.7"
            },
            "devDependencies": {},
            "engines": {
                "node": ">=20.x.x"
            }
        },
        "node_modules/quick-is-prime": {
            "version": "1.0.7",
            "resolved": "https://registry.npmjs.org/quick-is-prime/-/quick-is-prime-1.0.7.tgz",
            "integrity": "sha512-zzd+A0CT+uJ4PC3QTWEThKSCKgdn+/fou7U11VSnoL6LpA8tTiyDHF9YrNk0+AVqkDGQ+sMI05QrusZrE3V0tQ==",
            "dependencies": {
                "sieve-set": "^1.0.2"
            }
        },
        "node_modules/sieve-of-eratosthenes": {
            "version": "0.0.3",
            "resolved": "https://registry.npmjs.org/sieve-of-eratosthenes/-/sieve-of-eratosthenes-0.0.3.tgz",
            "integrity": "sha512-YTM3HfmD1kHF/ylZhGZy054HSsi8ed/N0C9TWtZmRJyO2AmecCBOr/zphXqP5sRiKqgTdf7iWgkur3mRTIFUaQ=="
        },
        "node_modules/sieve-set": {
            "version": "1.0.3",
            "resolved": "https://registry.npmjs.org/sieve-set/-/sieve-set-1.0.3.tgz",
            "integrity": "sha512-zMx6vc821wO5Zwcm8bVMAwX7n6otZODGrw9XErfQV8qWrU22B/CMz32TGQreH3ubV4F7l2d5iRPFWIu2wcH4iQ==",
            "dependencies": {
                "sieve-of-eratosthenes": "0.0.3"
            }
        }
    }
}
